{
  "requires": true,
  "lockfileVersion": 1,
  "dependencies": {
    "ansi-colors": {
      "version": "4.1.1",
      "resolved": "https://registry.npmjs.org/ansi-colors/-/ansi-colors-4.1.1.tgz",
      "integrity": "sha512-JoX0apGbHaUJBNl6yF+p6JAFYZ666/hhCGKN5t9QFjbJQKUU/g8MNbFDbvfrgKXvI1QpZplPOnwIo99lX/AAmA=="
    },
    "plop-logger": {
      "version": "3.1.3",
      "resolved": "https://registry.npmjs.org/plop-logger/-/plop-logger-3.1.3.tgz",
      "integrity": "sha512-kKP3pwJnMDC6jTktGPCewvioKjXK+wElNbeMZebdch9Lq/ur/FNTmQlNhsjGtMScBDk3oICrt5edE0Cuqkiphg==",
      "requires": {
        "ansi-colors": "^4.1.1"
      }
    }
  }
}
